# This file is automatically @generated by Cargo.
# It is not intended for manual editing.
version = 4

[[package]]
name = "compile-time-data-morphic-stucture-rs"
version = "0.1.0"
dependencies = [
 "smallvec",
 "typewit",
]

[[package]]
name = "smallvec"
version = "1.15.2"
source = "registry+https://github.com/rust-lang/crates.io-index"
checksum = "8ed6a63f02c8539c91a8685a86f4099661ba3da017932f6ebbea6de3f0fa7c90"

[[package]]
name = "typewit"
version = "1.15.2"
source = "registry+https://github.com/rust-lang/crates.io-index"
checksum = "214ca0b2191785cbc06209b9ca1861e048e39b5ba33574b3cedd58363d5bb5f6"
dependencies = [
 "typewit_proc_macros",
]

[[package]]
name = "typewit_proc_macros"
version = "1.8.1"
source = "registry+https://github.com/rust-lang/crates.io-index"
checksum = "e36a83ea2b3c704935a01b4642946aadd445cea40b10935e3f8bd8052b8193d6"
